<?xml version="1.0" encoding="utf-8"?>
<Project ToolsVersion="4.0" xmlns="http://schemas.microsoft.com/developer/msbuild/2003">
  <ItemGroup>
    <Filter Include="Scripts">
      <UniqueIdentifier>{4D6F1AE8-B94E-9983-C266-245A2EC5FFE4}</UniqueIdentifier>
    </Filter>
  </ItemGroup>
  <ItemGroup>
    <ClInclude Include="src\Game.h" />
    <ClInclude Include="src\Scripts\BirdController.h">
      <Filter>Scripts</Filter>
    </ClInclude>
    <ClInclude Include="src\Utils\Math.h" />
  </ItemGroup>
  <ItemGroup>
    <ClCompile Include="src\Game.cpp" />
    <ClCompile Include="src\GameApp.cpp" />
  </ItemGroup>
</Project>